
Microsoft Visual Studio Solution File, Format Version 12.00
# Visual Studio 15
VisualStudioVersion = 15.0.27130.2003
MinimumVisualStudioVersion = 10.0.40219.1
Project("{888888A0-9F3D-457C-B088-3A5042F75D52}") = "project", "project.pyproj", "{5AA092D0-9DA8-47B0-A0E5-34E9A3D62CB4}"
EndProject
Global
	GlobalSection(SolutionConfigurationPlatforms) = preSolution
		Debug|Any CPU = Debug|Any CPU
		Release|Any CPU = Release|Any CPU
	EndGlobalSection
	GlobalSection(ProjectConfigurationPlatforms) = postSolution
		{5AA092D0-9DA8-47B0-A0E5-34E9A3D62CB4}.Debug|Any CPU.ActiveCfg = Debug|Any CPU
		{5AA092D0-9DA8-47B0-A0E5-34E9A3D62CB4}.Release|Any CPU.ActiveCfg = Release|Any CPU
	EndGlobalSection
	GlobalSection(SolutionProperties) = preSolution
		HideSolutionNode = FALSE
	EndGlobalSection
	GlobalSection(ExtensibilityGlobals) = postSolution
		SolutionGuid = {8C536F3F-A38E-4358-9B21-EFFF12327C85}
	EndGlobalSection
EndGlobal
